
Microsoft Visual Studio Solution File, Format Version 12.00
# Visual Studio Version 16
VisualStudioVersion = 16.0.29306.81
MinimumVisualStudioVersion = 10.0.40219.1
Project("{FAE04EC0-301F-11D3-BF4B-00C04F79EFBC}") = "XamlAnimatedGif.Wpf.StrongName", "XamlAnimatedGif.Wpf.StrongName.csproj", "{5ECDD8E1-E176-4D9F-9278-17A313A16CB2}"
EndProject
Global
	GlobalSection(SharedMSBuildProjectFiles) = preSolution
		..\XamlAnimatedGif.Shared\XamlAnimatedGif.Shared.projitems*{5ecdd8e1-e176-4d9f-9278-17a313a16cb2}*SharedItemsImports = 4
	EndGlobalSection
	GlobalSection(SolutionConfigurationPlatforms) = preSolution
		Debug|Any CPU = Debug|Any CPU
		Release|Any CPU = Release|Any CPU
	EndGlobalSection
	GlobalSection(ProjectConfigurationPlatforms) = postSolution
		{5ECDD8E1-E176-4D9F-9278-17A313A16CB2}.Debug|Any CPU.ActiveCfg = Debug|Any CPU
		{5ECDD8E1-E176-4D9F-9278-17A313A16CB2}.Debug|Any CPU.Build.0 = Debug|Any CPU
		{5ECDD8E1-E176-4D9F-9278-17A313A16CB2}.Release|Any CPU.ActiveCfg = Release|Any CPU
		{5ECDD8E1-E176-4D9F-9278-17A313A16CB2}.Release|Any CPU.Build.0 = Release|Any CPU
	EndGlobalSection
	GlobalSection(SolutionProperties) = preSolution
		HideSolutionNode = FALSE
	EndGlobalSection
	GlobalSection(ExtensibilityGlobals) = postSolution
		SolutionGuid = {6D63C7ED-D0D3-415A-94E3-1B6CF8B031B9}
	EndGlobalSection
EndGlobal
